
Microsoft Visual Studio Solution File, Format Version 12.00
# Visual Studio Version 17
VisualStudioVersion = 17.11.35327.3
MinimumVisualStudioVersion = 10.0.40219.1
Project("{FAE04EC0-301F-11D3-BF4B-00C04F79EFBC}") = "BookStoreNetReact.Api", "BookStoreNetReact.Api\BookStoreNetReact.Api.csproj", "{8BAB5886-655D-40A0-8D90-66505E10A52D}"
EndProject
Project("{FAE04EC0-301F-11D3-BF4B-00C04F79EFBC}") = "BookStoreNetReact.Application", "BookStoreNetReact.Application\BookStoreNetReact.Application.csproj", "{7E4F5365-F831-49FD-8FFF-42A19047E1A3}"
EndProject
Project("{FAE04EC0-301F-11D3-BF4B-00C04F79EFBC}") = "BookStoreNetReact.Domain", "BookStoreNetReact.Domain\BookStoreNetReact.Domain.csproj", "{40F50DBD-0AE5-42DD-9E24-3AB55F956D32}"
EndProject
Project("{FAE04EC0-301F-11D3-BF4B-00C04F79EFBC}") = "BookStoreNetReact.Infrastructure", "BookStoreNetReact.Infrastructure\BookStoreNetReact.Infrastructure.csproj", "{064B0D7F-8D08-4185-A31A-538781568315}"
EndProject
Global
	GlobalSection(SolutionConfigurationPlatforms) = preSolution
		Debug|Any CPU = Debug|Any CPU
		Release|Any CPU = Release|Any CPU
	EndGlobalSection
	GlobalSection(ProjectConfigurationPlatforms) = postSolution
		{8BAB5886-655D-40A0-8D90-66505E10A52D}.Debug|Any CPU.ActiveCfg = Debug|Any CPU
		{8BAB5886-655D-40A0-8D90-66505E10A52D}.Debug|Any CPU.Build.0 = Debug|Any CPU
		{8BAB5886-655D-40A0-8D90-66505E10A52D}.Release|Any CPU.ActiveCfg = Release|Any CPU
		{8BAB5886-655D-40A0-8D90-66505E10A52D}.Release|Any CPU.Build.0 = Release|Any CPU
		{7E4F5365-F831-49FD-8FFF-42A19047E1A3}.Debug|Any CPU.ActiveCfg = Debug|Any CPU
		{7E4F5365-F831-49FD-8FFF-42A19047E1A3}.Debug|Any CPU.Build.0 = Debug|Any CPU
		{7E4F5365-F831-49FD-8FFF-42A19047E1A3}.Release|Any CPU.ActiveCfg = Release|Any CPU
		{7E4F5365-F831-49FD-8FFF-42A19047E1A3}.Release|Any CPU.Build.0 = Release|Any CPU
		{40F50DBD-0AE5-42DD-9E24-3AB55F956D32}.Debug|Any CPU.ActiveCfg = Debug|Any CPU
		{40F50DBD-0AE5-42DD-9E24-3AB55F956D32}.Debug|Any CPU.Build.0 = Debug|Any CPU
		{40F50DBD-0AE5-42DD-9E24-3AB55F956D32}.Release|Any CPU.ActiveCfg = Release|Any CPU
		{40F50DBD-0AE5-42DD-9E24-3AB55F956D32}.Release|Any CPU.Build.0 = Release|Any CPU
		{064B0D7F-8D08-4185-A31A-538781568315}.Debug|Any CPU.ActiveCfg = Debug|Any CPU
		{064B0D7F-8D08-4185-A31A-538781568315}.Debug|Any CPU.Build.0 = Debug|Any CPU
		{064B0D7F-8D08-4185-A31A-538781568315}.Release|Any CPU.ActiveCfg = Release|Any CPU
		{064B0D7F-8D08-4185-A31A-538781568315}.Release|Any CPU.Build.0 = Release|Any CPU
	EndGlobalSection
	GlobalSection(SolutionProperties) = preSolution
		HideSolutionNode = FALSE
	EndGlobalSection
	GlobalSection(ExtensibilityGlobals) = postSolution
		SolutionGuid = {C4CB5D73-02B5-4D83-89BD-A26DC7E0258B}
	EndGlobalSection
EndGlobal
