
Microsoft Visual Studio Solution File, Format Version 12.00
# Visual Studio Version 17
VisualStudioVersion = 17.11.35327.3
MinimumVisualStudioVersion = 10.0.40219.1
Project("{9A19103F-16F7-4668-BE54-9A1E7A4F7556}") = "BookStoreNetReact.Api", "BookStoreNetReact.Api\BookStoreNetReact.Api.csproj", "{8BAB5886-655D-40A0-8D90-66505E10A52D}"
EndProject
Project("{9A19103F-16F7-4668-BE54-9A1E7A4F7556}") = "BookStoreNetReact.Application", "BookStoreNetReact.Application\BookStoreNetReact.Application.csproj", "{7E4F5365-F831-49FD-8FFF-42A19047E1A3}"
EndProject
Project("{9A19103F-16F7-4668-BE54-9A1E7A4F7556}") = "BookStoreNetReact.Domain", "BookStoreNetReact.Domain\BookStoreNetReact.Domain.csproj", "{40F50DBD-0AE5-42DD-9E24-3AB55F956D32}"
EndProject
Project("{9A19103F-16F7-4668-BE54-9A1E7A4F7556}") = "BookStoreNetReact.Infrastructure", "BookStoreNetReact.Infrastructure\BookStoreNetReact.Infrastructure.csproj", "{064B0D7F-8D08-4185-A31A-538781568315}"
EndProject
Project("{2150E333-8FDC-42A3-9474-1A3956D46DE8}") = "Solution Items", "Solution Items", "{D7149711-E2F1-4222-B436-5656A2C75874}"
	ProjectSection(SolutionItems) = preProject
		.editorconfig = .editorconfig
		docker-compose.yml = docker-compose.yml
	EndProjectSection
EndProject
Global
	GlobalSection(SolutionConfigurationPlatforms) = preSolution
		Debug|Any CPU = Debug|Any CPU
		Release|Any CPU = Release|Any CPU
	EndGlobalSection
	GlobalSection(ProjectConfigurationPlatforms) = postSolution
		{8BAB5886-655D-40A0-8D90-66505E10A52D}.Debug|Any CPU.ActiveCfg = Debug|Any CPU
		{8BAB5886-655D-40A0-8D90-66505E10A52D}.Debug|Any CPU.Build.0 = Debug|Any CPU
		{8BAB5886-655D-40A0-8D90-66505E10A52D}.Release|Any CPU.ActiveCfg = Release|Any CPU
		{8BAB5886-655D-40A0-8D90-66505E10A52D}.Release|Any CPU.Build.0 = Release|Any CPU
		{7E4F5365-F831-49FD-8FFF-42A19047E1A3}.Debug|Any CPU.ActiveCfg = Debug|Any CPU
		{7E4F5365-F831-49FD-8FFF-42A19047E1A3}.Debug|Any CPU.Build.0 = Debug|Any CPU
		{7E4F5365-F831-49FD-8FFF-42A19047E1A3}.Release|Any CPU.ActiveCfg = Release|Any CPU
		{7E4F5365-F831-49FD-8FFF-42A19047E1A3}.Release|Any CPU.Build.0 = Release|Any CPU
		{40F50DBD-0AE5-42DD-9E24-3AB55F956D32}.Debug|Any CPU.ActiveCfg = Debug|Any CPU
		{40F50DBD-0AE5-42DD-9E24-3AB55F956D32}.Debug|Any CPU.Build.0 = Debug|Any CPU
		{40F50DBD-0AE5-42DD-9E24-3AB55F956D32}.Release|Any CPU.ActiveCfg = Release|Any CPU
		{40F50DBD-0AE5-42DD-9E24-3AB55F956D32}.Release|Any CPU.Build.0 = Release|Any CPU
		{064B0D7F-8D08-4185-A31A-538781568315}.Debug|Any CPU.ActiveCfg = Debug|Any CPU
		{064B0D7F-8D08-4185-A31A-538781568315}.Debug|Any CPU.Build.0 = Debug|Any CPU
		{064B0D7F-8D08-4185-A31A-538781568315}.Release|Any CPU.ActiveCfg = Release|Any CPU
		{064B0D7F-8D08-4185-A31A-538781568315}.Release|Any CPU.Build.0 = Release|Any CPU
	EndGlobalSection
	GlobalSection(SolutionProperties) = preSolution
		HideSolutionNode = FALSE
	EndGlobalSection
	GlobalSection(ExtensibilityGlobals) = postSolution
		SolutionGuid = {C4CB5D73-02B5-4D83-89BD-A26DC7E0258B}
	EndGlobalSection
EndGlobal
